{
  "version": 1,
  "dependencies": {
    "net10.0-windows7.0": {
      "CommunityToolkit.Mvvm": {
        "type": "Direct",
        "requested": "[8.4.0, )",
        "resolved": "8.4.0",
        "contentHash": "tqVU8yc/ADO9oiTRyTnwhFN68hCwvkliMierptWOudIAvWY1mWCh5VFh+guwHJmpMwfg0J0rY+yyd5Oy7ty9Uw=="
      },
      "Microsoft.IdentityModel.Protocols.OpenIdConnect": {
        "type": "Direct",
        "requested": "[8.15.0, )",
        "resolved": "8.15.0",
        "contentHash": "uJ5cHsTHRqx/1W68Gz/7hqUgudai1CXnokIXTQw+ZI1o3hWuhQa1vgSzXX9+IAkOJ/gP+M590Fg3WTwqglJghg==",
        "dependencies": {
          "Microsoft.IdentityModel.Protocols": "8.15.0",
          "System.IdentityModel.Tokens.Jwt": "8.15.0"
        }
      },
      "Microsoft.NET.ILLink.Tasks": {
        "type": "Direct",
        "requested": "[10.0.3, )",
        "resolved": "10.0.3",
        "contentHash": "0B6nZyCHWXnvmlB559oduOspVdNOnpNXPjhpWVMovLPAsDVG7A4jJR9rzECf67JUzxP8/ee/wA8clwIzJcWNFA=="
      },
      "Microsoft.TypeScript.MSBuild": {
        "type": "Direct",
        "requested": "[5.9.3, )",
        "resolved": "5.9.3",
        "contentHash": "zWwWVvtPYBM/j/mICB0e1/71P1mPzECatHZNxYiu4mmmFOc+pQ1JU14famcyiTl8LQ5Yg8k6Ha4d6vEwVay/2g=="
      },
      "Microsoft.Web.WebView2": {
        "type": "Direct",
        "requested": "[1.0.3650.58, )",
        "resolved": "1.0.3650.58",
        "contentHash": "BrfpVqOuWtW8yA/it365aB6K6H6EYCXjqJkX730UiO7weVsSYjUyKPFVY5WGa+IfRHqknh619uXHMYTOR4WFRw=="
      },
      "NSec.Cryptography": {
        "type": "Direct",
        "requested": "[25.4.0, )",
        "resolved": "25.4.0",
        "contentHash": "Z3wPpG0xefMLmhn9T+Ka/EzAmMQPT0THL/5E4lf9cXI/N9rbGH0G23ZFpRcPnD0ast2k7ieG6QSVNIjmfPCXBQ==",
        "dependencies": {
          "libsodium": "[1.0.20.1, 1.0.21)"
        }
      },
      "System.Formats.Cbor": {
        "type": "Direct",
        "requested": "[10.0.2, )",
        "resolved": "10.0.2",
        "contentHash": "OFjm5DM2lxtfKROZI9vkLcpCm76HafTmImAgEsJf4OeBQifsSyQ99GEHLJb5RvoqKny7pR/6s4xdeyEqJhdcPg=="
      },
      "libsodium": {
        "type": "Transitive",
        "resolved": "1.0.20.1",
        "contentHash": "pkiceEqJDQFHjbga3k/oPfTVX9g+GKJZ1VrkuiLhaymt9YNw1Dr7cX9hNuZuNaWcr9WD0moW55k4pMwzQ7JaZQ=="
      },
      "Microsoft.Extensions.DependencyInjection.Abstractions": {
        "type": "Transitive",
        "resolved": "10.0.0",
        "contentHash": "L3AdmZ1WOK4XXT5YFPEwyt0ep6l8lGIPs7F5OOBZc77Zqeo01Of7XXICy47628sdVl0v/owxYJTe86DTgFwKCA=="
      },
      "Microsoft.Extensions.Logging.Abstractions": {
        "type": "Transitive",
        "resolved": "10.0.0",
        "contentHash": "FU/IfjDfwaMuKr414SSQNTIti/69bHEMb+QKrskRb26oVqpx3lNFXMjs/RC9ZUuhBhcwDM2BwOgoMw+PZ+beqQ==",
        "dependencies": {
          "Microsoft.Extensions.DependencyInjection.Abstractions": "10.0.0"
        }
      },
      "Microsoft.IdentityModel.Abstractions": {
        "type": "Transitive",
        "resolved": "8.15.0",
        "contentHash": "e/DApa1GfxUqHSBHcpiQg8yaghKAvFVBQFcWh25jNoRobDZbduTUACY8bZ54eeGWXvimGmEDdF0zkS5Dq16XPQ=="
      },
      "Microsoft.IdentityModel.JsonWebTokens": {
        "type": "Transitive",
        "resolved": "8.15.0",
        "contentHash": "3513f5VzvOZy3ELd42wGnh1Q3e83tlGAuXFSNbENpgWYoAhLLzgFtd5PiaOPGAU0gqKhYGVzKavghLUGfX3HQg==",
        "dependencies": {
          "Microsoft.IdentityModel.Tokens": "8.15.0"
        }
      },
      "Microsoft.IdentityModel.Logging": {
        "type": "Transitive",
        "resolved": "8.15.0",
        "contentHash": "1gJLjhy0LV2RQMJ9NGzi5Tnb2l+c37o8D8Lrk2mrvmb6OQHZ7XJstd/XxvncXgBpad4x9CGXdipbZzJJCXKyAg==",
        "dependencies": {
          "Microsoft.IdentityModel.Abstractions": "8.15.0"
        }
      },
      "Microsoft.IdentityModel.Protocols": {
        "type": "Transitive",
        "resolved": "8.15.0",
        "contentHash": "n4t/m/zpd8rx/nqMqnKmbDqDjqy404JQ+3TYrSXEn7Otw5Vfg6Hmk3tK8SyeAlTzLGC1gVrjt9awPFVBE1tUGQ==",
        "dependencies": {
          "Microsoft.IdentityModel.Tokens": "8.15.0"
        }
      },
      "Microsoft.IdentityModel.Tokens": {
        "type": "Transitive",
        "resolved": "8.15.0",
        "contentHash": "zUE9ysJXBtXlHHRtcRK3Sp8NzdCI1z/BRDTXJQ2TvBoI0ENRtnufYIep0O5TSCJRJGDwwuLTUx+l/bEYZUxpCA==",
        "dependencies": {
          "Microsoft.Extensions.Logging.Abstractions": "10.0.0",
          "Microsoft.IdentityModel.Logging": "8.15.0"
        }
      },
      "System.IdentityModel.Tokens.Jwt": {
        "type": "Transitive",
        "resolved": "8.15.0",
        "contentHash": "dpodi7ixz6hxK8YCBYAWzm0IA8JYXoKcz0hbCbNifo519//rjUI0fBD8rfNr+IGqq+2gm4oQoXwHk09LX5SqqQ==",
        "dependencies": {
          "Microsoft.IdentityModel.JsonWebTokens": "8.15.0",
          "Microsoft.IdentityModel.Tokens": "8.15.0"
        }
      }
    },
    "net10.0-windows7.0/win-arm64": {
      "Microsoft.Web.WebView2": {
        "type": "Direct",
        "requested": "[1.0.3650.58, )",
        "resolved": "1.0.3650.58",
        "contentHash": "BrfpVqOuWtW8yA/it365aB6K6H6EYCXjqJkX730UiO7weVsSYjUyKPFVY5WGa+IfRHqknh619uXHMYTOR4WFRw=="
      },
      "libsodium": {
        "type": "Transitive",
        "resolved": "1.0.20.1",
        "contentHash": "pkiceEqJDQFHjbga3k/oPfTVX9g+GKJZ1VrkuiLhaymt9YNw1Dr7cX9hNuZuNaWcr9WD0moW55k4pMwzQ7JaZQ=="
      }
    },
    "net10.0-windows7.0/win-x64": {
      "Microsoft.Web.WebView2": {
        "type": "Direct",
        "requested": "[1.0.3650.58, )",
        "resolved": "1.0.3650.58",
        "contentHash": "BrfpVqOuWtW8yA/it365aB6K6H6EYCXjqJkX730UiO7weVsSYjUyKPFVY5WGa+IfRHqknh619uXHMYTOR4WFRw=="
      },
      "libsodium": {
        "type": "Transitive",
        "resolved": "1.0.20.1",
        "contentHash": "pkiceEqJDQFHjbga3k/oPfTVX9g+GKJZ1VrkuiLhaymt9YNw1Dr7cX9hNuZuNaWcr9WD0moW55k4pMwzQ7JaZQ=="
      }
    }
  }
}